
Microsoft Visual Studio Solution File, Format Version 12.00
# Visual Studio Version 17
VisualStudioVersion = 17.2.32802.462
MinimumVisualStudioVersion = 10.0.40219.1
Project("{FAE04EC0-301F-11D3-BF4B-00C04F79EFBC}") = "CodeSmells.Blazor", "CodeSmells.Blazor\CodeSmells.Blazor.csproj", "{8B321B87-121A-4A78-9D22-B6FB276A1E00}"
EndProject
Project("{FAE04EC0-301F-11D3-BF4B-00C04F79EFBC}") = "CodeSmells.Tests", "CodeSmells.Tests\CodeSmells.Tests.csproj", "{2E4B7F1A-6E11-4F2B-A730-15FCA6E9BDC7}"
EndProject
Global
	GlobalSection(SolutionConfigurationPlatforms) = preSolution
		Debug|Any CPU = Debug|Any CPU
		Release|Any CPU = Release|Any CPU
	EndGlobalSection
	GlobalSection(ProjectConfigurationPlatforms) = postSolution
		{8B321B87-121A-4A78-9D22-B6FB276A1E00}.Debug|Any CPU.ActiveCfg = Debug|Any CPU
		{8B321B87-121A-4A78-9D22-B6FB276A1E00}.Debug|Any CPU.Build.0 = Debug|Any CPU
		{8B321B87-121A-4A78-9D22-B6FB276A1E00}.Release|Any CPU.ActiveCfg = Release|Any CPU
		{8B321B87-121A-4A78-9D22-B6FB276A1E00}.Release|Any CPU.Build.0 = Release|Any CPU
		{2E4B7F1A-6E11-4F2B-A730-15FCA6E9BDC7}.Debug|Any CPU.ActiveCfg = Debug|Any CPU
		{2E4B7F1A-6E11-4F2B-A730-15FCA6E9BDC7}.Debug|Any CPU.Build.0 = Debug|Any CPU
		{2E4B7F1A-6E11-4F2B-A730-15FCA6E9BDC7}.Release|Any CPU.ActiveCfg = Release|Any CPU
		{2E4B7F1A-6E11-4F2B-A730-15FCA6E9BDC7}.Release|Any CPU.Build.0 = Release|Any CPU
	EndGlobalSection
	GlobalSection(SolutionProperties) = preSolution
		HideSolutionNode = FALSE
	EndGlobalSection
	GlobalSection(ExtensibilityGlobals) = postSolution
		SolutionGuid = {0784375B-D100-4F72-B158-594802339398}
	EndGlobalSection
EndGlobal
